
Microsoft Visual Studio Solution File, Format Version 12.00
# Visual Studio Version 16
VisualStudioVersion = 16.0.30517.126
MinimumVisualStudioVersion = 10.0.40219.1
Project("{FAE04EC0-301F-11D3-BF4B-00C04F79EFBC}") = "DigitalFilter", "DigitalFilter.csproj", "{0496D940-DB79-4A89-A7DF-A73AC455438D}"
EndProject
Project("{FAE04EC0-301F-11D3-BF4B-00C04F79EFBC}") = "DigitalFilterTest", "..\DigitalFilterTest\DigitalFilterTest.csproj", "{3000473C-B1CA-42B6-B518-91DD65BAE2D2}"
EndProject
Global
	GlobalSection(SolutionConfigurationPlatforms) = preSolution
		Debug|Any CPU = Debug|Any CPU
		Release|Any CPU = Release|Any CPU
	EndGlobalSection
	GlobalSection(ProjectConfigurationPlatforms) = postSolution
		{0496D940-DB79-4A89-A7DF-A73AC455438D}.Debug|Any CPU.ActiveCfg = Debug|Any CPU
		{0496D940-DB79-4A89-A7DF-A73AC455438D}.Debug|Any CPU.Build.0 = Debug|Any CPU
		{0496D940-DB79-4A89-A7DF-A73AC455438D}.Release|Any CPU.ActiveCfg = Release|Any CPU
		{0496D940-DB79-4A89-A7DF-A73AC455438D}.Release|Any CPU.Build.0 = Release|Any CPU
		{3000473C-B1CA-42B6-B518-91DD65BAE2D2}.Debug|Any CPU.ActiveCfg = Debug|Any CPU
		{3000473C-B1CA-42B6-B518-91DD65BAE2D2}.Debug|Any CPU.Build.0 = Debug|Any CPU
		{3000473C-B1CA-42B6-B518-91DD65BAE2D2}.Release|Any CPU.ActiveCfg = Release|Any CPU
		{3000473C-B1CA-42B6-B518-91DD65BAE2D2}.Release|Any CPU.Build.0 = Release|Any CPU
	EndGlobalSection
	GlobalSection(SolutionProperties) = preSolution
		HideSolutionNode = FALSE
	EndGlobalSection
	GlobalSection(ExtensibilityGlobals) = postSolution
		SolutionGuid = {942910B5-71EE-49CB-8024-889D3A380A38}
	EndGlobalSection
EndGlobal
